// !$*UTF8*$!
{
	archiveVersion = 1;
	classes = {
	};
	objectVersion = 55;
	objects = {

/* Begin PBXBuildFile section */
		39DFA4432824AEBE00084EC3 /* AppDelegate.swift in Sources */ = {isa = PBXBuildFile; fileRef = 39DFA4422824AEBE00084EC3 /* AppDelegate.swift */; };
		39DFA4452824AEBE00084EC3 /* SceneDelegate.swift in Sources */ = {isa = PBXBuildFile; fileRef = 39DFA4442824AEBE00084EC3 /* SceneDelegate.swift */; };
		39DFA4472824AEBE00084EC3 /* ViewController.swift in Sources */ = {isa = PBXBuildFile; fileRef = 39DFA4462824AEBE00084EC3 /* ViewController.swift */; };
		39DFA44A2824AEBE00084EC3 /* Main.storyboard in Resources */ = {isa = PBXBuildFile; fileRef = 39DFA4482824AEBE00084EC3 /* Main.storyboard */; };
		39DFA44D2824AEBE00084EC3 /* lottieEx.xcdatamodeld in Sources */ = {isa = PBXBuildFile; fileRef = 39DFA44B2824AEBE00084EC3 /* lottieEx.xcdatamodeld */; };
		39DFA44F2824AEBF00084EC3 /* Assets.xcassets in Resources */ = {isa = PBXBuildFile; fileRef = 39DFA44E2824AEBF00084EC3 /* Assets.xcassets */; };
		39DFA4522824AEBF00084EC3 /* LaunchScreen.storyboard in Resources */ = {isa = PBXBuildFile; fileRef = 39DFA4502824AEBF00084EC3 /* LaunchScreen.storyboard */; };
		39DFA45D2824AEBF00084EC3 /* lottieExTests.swift in Sources */ = {isa = PBXBuildFile; fileRef = 39DFA45C2824AEBF00084EC3 /* lottieExTests.swift */; };
		39DFA4672824AEBF00084EC3 /* lottieExUITests.swift in Sources */ = {isa = PBXBuildFile; fileRef = 39DFA4662824AEBF00084EC3 /* lottieExUITests.swift */; };
		39DFA4692824AEBF00084EC3 /* lottieExUITestsLaunchTests.swift in Sources */ = {isa = PBXBuildFile; fileRef = 39DFA4682824AEBF00084EC3 /* lottieExUITestsLaunchTests.swift */; };
		39DFA4772824AFEB00084EC3 /* Lottie in Frameworks */ = {isa = PBXBuildFile; productRef = 39DFA4762824AFEB00084EC3 /* Lottie */; };
		39DFA4792824B0A500084EC3 /* icecream.json in Resources */ = {isa = PBXBuildFile; fileRef = 39DFA4782824B0A500084EC3 /* icecream.json */; };
		39DFA47B2824B3B900084EC3 /* icecream2.json in Resources */ = {isa = PBXBuildFile; fileRef = 39DFA47A2824B3B900084EC3 /* icecream2.json */; };
		39DFA47D2824B65600084EC3 /* mobileUI.json in Resources */ = {isa = PBXBuildFile; fileRef = 39DFA47C2824B65600084EC3 /* mobileUI.json */; };
/* End PBXBuildFile section */

/* Begin PBXContainerItemProxy section */
		39DFA4592824AEBF00084EC3 /* PBXContainerItemProxy */ = {
			isa = PBXContainerItemProxy;
			containerPortal = 39DFA4372824AEBE00084EC3 /* Project object */;
			proxyType = 1;
			remoteGlobalIDString = 39DFA43E2824AEBE00084EC3;
			remoteInfo = lottieEx;
		};
		39DFA4632824AEBF00084EC3 /* PBXContainerItemProxy */ = {
			isa = PBXContainerItemProxy;
			containerPortal = 39DFA4372824AEBE00084EC3 /* Project object */;
			proxyType = 1;
			remoteGlobalIDString = 39DFA43E2824AEBE00084EC3;
			remoteInfo = lottieEx;
		};
/* End PBXContainerItemProxy section */

/* Begin PBXFileReference section */
		39DFA43F2824AEBE00084EC3 /* lottieEx.app */ = {isa = PBXFileReference; explicitFileType = wrapper.application; includeInIndex = 0; path = lottieEx.app; sourceTree = BUILT_PRODUCTS_DIR; };
		39DFA4422824AEBE00084EC3 /* AppDelegate.swift */ = {isa = PBXFileReference; lastKnownFileType = sourcecode.swift; path = AppDelegate.swift; sourceTree = "<group>"; };
		39DFA4442824AEBE00084EC3 /* SceneDelegate.swift */ = {isa = PBXFileReference; lastKnownFileType = sourcecode.swift; path = SceneDelegate.swift; sourceTree = "<group>"; };
		39DFA4462824AEBE00084EC3 /* ViewController.swift */ = {isa = PBXFileReference; lastKnownFileType = sourcecode.swift; path = ViewController.swift; sourceTree = "<group>"; };
		39DFA4492824AEBE00084EC3 /* Base */ = {isa = PBXFileReference; lastKnownFileType = file.storyboard; name = Base; path = Base.lproj/Main.storyboard; sourceTree = "<group>"; };
		39DFA44C2824AEBE00084EC3 /* lottieEx.xcdatamodel */ = {isa = PBXFileReference; lastKnownFileType = wrapper.xcdatamodel; path = lottieEx.xcdatamodel; sourceTree = "<group>"; };
		39DFA44E2824AEBF00084EC3 /* Assets.xcassets */ = {isa = PBXFileReference; lastKnownFileType = folder.assetcatalog; path = Assets.xcassets; sourceTree = "<group>"; };
		39DFA4512824AEBF00084EC3 /* Base */ = {isa = PBXFileReference; lastKnownFileType = file.storyboard; name = Base; path = Base.lproj/LaunchScreen.storyboard; sourceTree = "<group>"; };
		39DFA4532824AEBF00084EC3 /* Info.plist */ = {isa = PBXFileReference; lastKnownFileType = text.plist.xml; path = Info.plist; sourceTree = "<group>"; };
		39DFA4582824AEBF00084EC3 /* lottieExTests.xctest */ = {isa = PBXFileReference; explicitFileType = wrapper.cfbundle; includeInIndex = 0; path = lottieExTests.xctest; sourceTree = BUILT_PRODUCTS_DIR; };
		39DFA45C2824AEBF00084EC3 /* lottieExTests.swift */ = {isa = PBXFileReference; lastKnownFileType = sourcecode.swift; path = lottieExTests.swift; sourceTree = "<group>"; };
		39DFA4622824AEBF00084EC3 /* lottieExUITests.xctest */ = {isa = PBXFileReference; explicitFileType = wrapper.cfbundle; includeInIndex = 0; path = lottieExUITests.xctest; sourceTree = BUILT_PRODUCTS_DIR; };
		39DFA4662824AEBF00084EC3 /* lottieExUITests.swift */ = {isa = PBXFileReference; lastKnownFileType = sourcecode.swift; path = lottieExUITests.swift; sourceTree = "<group>"; };
		39DFA4682824AEBF00084EC3 /* lottieExUITestsLaunchTests.swift */ = {isa = PBXFileReference; lastKnownFileType = sourcecode.swift; path = lottieExUITestsLaunchTests.swift; sourceTree = "<group>"; };
		39DFA4782824B0A500084EC3 /* icecream.json */ = {isa = PBXFileReference; fileEncoding = 4; lastKnownFileType = text.json; name = icecream.json; path = Assets.xcassets/icecream.json; sourceTree = "<group>"; };
		39DFA47A2824B3B900084EC3 /* icecream2.json */ = {isa = PBXFileReference; fileEncoding = 4; lastKnownFileType = text.json; name = icecream2.json; path = Assets.xcassets/icecream2.json; sourceTree = "<group>"; };
		39DFA47C2824B65600084EC3 /* mobileUI.json */ = {isa = PBXFileReference; fileEncoding = 4; lastKnownFileType = text.json; name = mobileUI.json; path = Assets.xcassets/mobileUI.json; sourceTree = "<group>"; };
/* End PBXFileReference section */

/* Begin PBXFrameworksBuildPhase section */
		39DFA43C2824AEBE00084EC3 /* Frameworks */ = {
			isa = PBXFrameworksBuildPhase;
			buildActionMask = 2147483647;
			files = (
				39DFA4772824AFEB00084EC3 /* Lottie in Frameworks */,
			);
			runOnlyForDeploymentPostprocessing = 0;
		};
		39DFA4552824AEBF00084EC3 /* Frameworks */ = {
			isa = PBXFrameworksBuildPhase;
			buildActionMask = 2147483647;
			files = (
			);
			runOnlyForDeploymentPostprocessing = 0;
		};
		39DFA45F2824AEBF00084EC3 /* Frameworks */ = {
			isa = PBXFrameworksBuildPhase;
			buildActionMask = 2147483647;
			files = (
			);
			runOnlyForDeploymentPostprocessing = 0;
		};
/* End PBXFrameworksBuildPhase section */

/* Begin PBXGroup section */
		39DFA4362824AEBE00084EC3 = {
			isa = PBXGroup;
			children = (
				39DFA4412824AEBE00084EC3 /* lottieEx */,
				39DFA45B2824AEBF00084EC3 /* lottieExTests */,
				39DFA4652824AEBF00084EC3 /* lottieExUITests */,
				39DFA4402824AEBE00084EC3 /* Products */,
			);
			sourceTree = "<group>";
		};
		39DFA4402824AEBE00084EC3 /* Products */ = {
			isa = PBXGroup;
			children = (
				39DFA43F2824AEBE00084EC3 /* lottieEx.app */,
				39DFA4582824AEBF00084EC3 /* lottieExTests.xctest */,
				39DFA4622824AEBF00084EC3 /* lottieExUITests.xctest */,
			);
			name = Products;
			sourceTree = "<group>";
		};
		39DFA4412824AEBE00084EC3 /* lottieEx */ = {
			isa = PBXGroup;
			children = (
				39DFA4422824AEBE00084EC3 /* AppDelegate.swift */,
				39DFA4442824AEBE00084EC3 /* SceneDelegate.swift */,
				39DFA4462824AEBE00084EC3 /* ViewController.swift */,
				39DFA4782824B0A500084EC3 /* icecream.json */,
				39DFA47A2824B3B900084EC3 /* icecream2.json */,
				39DFA47C2824B65600084EC3 /* mobileUI.json */,
				39DFA4482824AEBE00084EC3 /* Main.storyboard */,
				39DFA44E2824AEBF00084EC3 /* Assets.xcassets */,
				39DFA4502824AEBF00084EC3 /* LaunchScreen.storyboard */,
				39DFA4532824AEBF00084EC3 /* Info.plist */,
				39DFA44B2824AEBE00084EC3 /* lottieEx.xcdatamodeld */,
			);
			path = lottieEx;
			sourceTree = "<group>";
		};
		39DFA45B2824AEBF00084EC3 /* lottieExTests */ = {
			isa = PBXGroup;
			children = (
				39DFA45C2824AEBF00084EC3 /* lottieExTests.swift */,
			);
			path = lottieExTests;
			sourceTree = "<group>";
		};
		39DFA4652824AEBF00084EC3 /* lottieExUITests */ = {
			isa = PBXGroup;
			children = (
				39DFA4662824AEBF00084EC3 /* lottieExUITests.swift */,
				39DFA4682824AEBF00084EC3 /* lottieExUITestsLaunchTests.swift */,
			);
			path = lottieExUITests;
			sourceTree = "<group>";
		};
/* End PBXGroup section */

/* Begin PBXNativeTarget section */
		39DFA43E2824AEBE00084EC3 /* lottieEx */ = {
			isa = PBXNativeTarget;
			buildConfigurationList = 39DFA46C2824AEBF00084EC3 /* Build configuration list for PBXNativeTarget "lottieEx" */;
			buildPhases = (
				39DFA43B2824AEBE00084EC3 /* Sources */,
				39DFA43C2824AEBE00084EC3 /* Frameworks */,
				39DFA43D2824AEBE00084EC3 /* Resources */,
			);
			buildRules = (
			);
			dependencies = (
			);
			name = lottieEx;
			packageProductDependencies = (
				39DFA4762824AFEB00084EC3 /* Lottie */,
			);
			productName = lottieEx;
			productReference = 39DFA43F2824AEBE00084EC3 /* lottieEx.app */;
			productType = "com.apple.product-type.application";
		};
		39DFA4572824AEBF00084EC3 /* lottieExTests */ = {
			isa = PBXNativeTarget;
			buildConfigurationList = 39DFA46F2824AEBF00084EC3 /* Build configuration list for PBXNativeTarget "lottieExTests" */;
			buildPhases = (
				39DFA4542824AEBF00084EC3 /* Sources */,
				39DFA4552824AEBF00084EC3 /* Frameworks */,
				39DFA4562824AEBF00084EC3 /* Resources */,
			);
			buildRules = (
			);
			dependencies = (
				39DFA45A2824AEBF00084EC3 /* PBXTargetDependency */,
			);
			name = lottieExTests;
			productName = lottieExTests;
			productReference = 39DFA4582824AEBF00084EC3 /* lottieExTests.xctest */;
			productType = "com.apple.product-type.bundle.unit-test";
		};
		39DFA4612824AEBF00084EC3 /* lottieExUITests */ = {
			isa = PBXNativeTarget;
			buildConfigurationList = 39DFA4722824AEBF00084EC3 /* Build configuration list for PBXNativeTarget "lottieExUITests" */;
			buildPhases = (
				39DFA45E2824AEBF00084EC3 /* Sources */,
				39DFA45F2824AEBF00084EC3 /* Frameworks */,
				39DFA4602824AEBF00084EC3 /* Resources */,
			);
			buildRules = (
			);
			dependencies = (
				39DFA4642824AEBF00084EC3 /* PBXTargetDependency */,
			);
			name = lottieExUITests;
			productName = lottieExUITests;
			productReference = 39DFA4622824AEBF00084EC3 /* lottieExUITests.xctest */;
			productType = "com.apple.product-type.bundle.ui-testing";
		};
/* End PBXNativeTarget section */

/* Begin PBXProject section */
		39DFA4372824AEBE00084EC3 /* Project object */ = {
			isa = PBXProject;
			attributes = {
				BuildIndependentTargetsInParallel = 1;
				LastSwiftUpdateCheck = 1330;
				LastUpgradeCheck = 1330;
				TargetAttributes = {
					39DFA43E2824AEBE00084EC3 = {
						CreatedOnToolsVersion = 13.3;
					};
					39DFA4572824AEBF00084EC3 = {
						CreatedOnToolsVersion = 13.3;
						TestTargetID = 39DFA43E2824AEBE00084EC3;
					};
					39DFA4612824AEBF00084EC3 = {
						CreatedOnToolsVersion = 13.3;
						TestTargetID = 39DFA43E2824AEBE00084EC3;
					};
				};
			};
			buildConfigurationList = 39DFA43A2824AEBE00084EC3 /* Build configuration list for PBXProject "lottieEx" */;
			compatibilityVersion = "Xcode 13.0";
			developmentRegion = en;
			hasScannedForEncodings = 0;
			knownRegions = (
				en,
				Base,
			);
			mainGroup = 39DFA4362824AEBE00084EC3;
			packageReferences = (
				39DFA4752824AFEB00084EC3 /* XCRemoteSwiftPackageReference "lottie-ios" */,
			);
			productRefGroup = 39DFA4402824AEBE00084EC3 /* Products */;
			projectDirPath = "";
			projectRoot = "";
			targets = (
				39DFA43E2824AEBE00084EC3 /* lottieEx */,
				39DFA4572824AEBF00084EC3 /* lottieExTests */,
				39DFA4612824AEBF00084EC3 /* lottieExUITests */,
			);
		};
/* End PBXProject section */

/* Begin PBXResourcesBuildPhase section */
		39DFA43D2824AEBE00084EC3 /* Resources */ = {
			isa = PBXResourcesBuildPhase;
			buildActionMask = 2147483647;
			files = (
				39DFA47B2824B3B900084EC3 /* icecream2.json in Resources */,
				39DFA47D2824B65600084EC3 /* mobileUI.json in Resources */,
				39DFA4792824B0A500084EC3 /* icecream.json in Resources */,
				39DFA4522824AEBF00084EC3 /* LaunchScreen.storyboard in Resources */,
				39DFA44F2824AEBF00084EC3 /* Assets.xcassets in Resources */,
				39DFA44A2824AEBE00084EC3 /* Main.storyboard in Resources */,
			);
			runOnlyForDeploymentPostprocessing = 0;
		};
		39DFA4562824AEBF00084EC3 /* Resources */ = {
			isa = PBXResourcesBuildPhase;
			buildActionMask = 2147483647;
			files = (
			);
			runOnlyForDeploymentPostprocessing = 0;
		};
		39DFA4602824AEBF00084EC3 /* Resources */ = {
			isa = PBXResourcesBuildPhase;
			buildActionMask = 2147483647;
			files = (
			);
			runOnlyForDeploymentPostprocessing = 0;
		};
/* End PBXResourcesBuildPhase section */

/* Begin PBXSourcesBuildPhase section */
		39DFA43B2824AEBE00084EC3 /* Sources */ = {
			isa = PBXSourcesBuildPhase;
			buildActionMask = 2147483647;
			files = (
				39DFA4472824AEBE00084EC3 /* ViewController.swift in Sources */,
				39DFA4432824AEBE00084EC3 /* AppDelegate.swift in Sources */,
				39DFA4452824AEBE00084EC3 /* SceneDelegate.swift in Sources */,
				39DFA44D2824AEBE00084EC3 /* lottieEx.xcdatamodeld in Sources */,
			);
			runOnlyForDeploymentPostprocessing = 0;
		};
		39DFA4542824AEBF00084EC3 /* Sources */ = {
			isa = PBXSourcesBuildPhase;
			buildActionMask = 2147483647;
			files = (
				39DFA45D2824AEBF00084EC3 /* lottieExTests.swift in Sources */,
			);
			runOnlyForDeploymentPostprocessing = 0;
		};
		39DFA45E2824AEBF00084EC3 /* Sources */ = {
			isa = PBXSourcesBuildPhase;
			buildActionMask = 2147483647;
			files = (
				39DFA4692824AEBF00084EC3 /* lottieExUITestsLaunchTests.swift in Sources */,
				39DFA4672824AEBF00084EC3 /* lottieExUITests.swift in Sources */,
			);
			runOnlyForDeploymentPostprocessing = 0;
		};
/* End PBXSourcesBuildPhase section */

/* Begin PBXTargetDependency section */
		39DFA45A2824AEBF00084EC3 /* PBXTargetDependency */ = {
			isa = PBXTargetDependency;
			target = 39DFA43E2824AEBE00084EC3 /* lottieEx */;
			targetProxy = 39DFA4592824AEBF00084EC3 /* PBXContainerItemProxy */;
		};
		39DFA4642824AEBF00084EC3 /* PBXTargetDependency */ = {
			isa = PBXTargetDependency;
			target = 39DFA43E2824AEBE00084EC3 /* lottieEx */;
			targetProxy = 39DFA4632824AEBF00084EC3 /* PBXContainerItemProxy */;
		};
/* End PBXTargetDependency section */

/* Begin PBXVariantGroup section */
		39DFA4482824AEBE00084EC3 /* Main.storyboard */ = {
			isa = PBXVariantGroup;
			children = (
				39DFA4492824AEBE00084EC3 /* Base */,
			);
			name = Main.storyboard;
			sourceTree = "<group>";
		};
		39DFA4502824AEBF00084EC3 /* LaunchScreen.storyboard */ = {
			isa = PBXVariantGroup;
			children = (
				39DFA4512824AEBF00084EC3 /* Base */,
			);
			name = LaunchScreen.storyboard;
			sourceTree = "<group>";
		};
/* End PBXVariantGroup section */

/* Begin XCBuildConfiguration section */
		39DFA46A2824AEBF00084EC3 /* Debug */ = {
			isa = XCBuildConfiguration;
			buildSettings = {
				ALWAYS_SEARCH_USER_PATHS = NO;
				CLANG_ANALYZER_NONNULL = YES;
				CLANG_ANALYZER_NUMBER_OBJECT_CONVERSION = YES_AGGRESSIVE;
				CLANG_CXX_LANGUAGE_STANDARD = "gnu++17";
				CLANG_ENABLE_MODULES = YES;
				CLANG_ENABLE_OBJC_ARC = YES;
				CLANG_ENABLE_OBJC_WEAK = YES;
				CLANG_WARN_BLOCK_CAPTURE_AUTORELEASING = YES;
				CLANG_WARN_BOOL_CONVERSION = YES;
				CLANG_WARN_COMMA = YES;
				CLANG_WARN_CONSTANT_CONVERSION = YES;
				CLANG_WARN_DEPRECATED_OBJC_IMPLEMENTATIONS = YES;
				CLANG_WARN_DIRECT_OBJC_ISA_USAGE = YES_ERROR;
				CLANG_WARN_DOCUMENTATION_COMMENTS = YES;
				CLANG_WARN_EMPTY_BODY = YES;
				CLANG_WARN_ENUM_CONVERSION = YES;
				CLANG_WARN_INFINITE_RECURSION = YES;
				CLANG_WARN_INT_CONVERSION = YES;
				CLANG_WARN_NON_LITERAL_NULL_CONVERSION = YES;
				CLANG_WARN_OBJC_IMPLICIT_RETAIN_SELF = YES;
				CLANG_WARN_OBJC_LITERAL_CONVERSION = YES;
				CLANG_WARN_OBJC_ROOT_CLASS = YES_ERROR;
				CLANG_WARN_QUOTED_INCLUDE_IN_FRAMEWORK_HEADER = YES;
				CLANG_WARN_RANGE_LOOP_ANALYSIS = YES;
				CLANG_WARN_STRICT_PROTOTYPES = YES;
				CLANG_WARN_SUSPICIOUS_MOVE = YES;
				CLANG_WARN_UNGUARDED_AVAILABILITY = YES_AGGRESSIVE;
				CLANG_WARN_UNREACHABLE_CODE = YES;
				CLANG_WARN__DUPLICATE_METHOD_MATCH = YES;
				COPY_PHASE_STRIP = NO;
				DEBUG_INFORMATION_FORMAT = dwarf;
				ENABLE_STRICT_OBJC_MSGSEND = YES;
				ENABLE_TESTABILITY = YES;
				GCC_C_LANGUAGE_STANDARD = gnu11;
				GCC_DYNAMIC_NO_PIC = NO;
				GCC_NO_COMMON_BLOCKS = YES;
				GCC_OPTIMIZATION_LEVEL = 0;
				GCC_PREPROCESSOR_DEFINITIONS = (
					"DEBUG=1",
					"$(inherited)",
				);
				GCC_WARN_64_TO_32_BIT_CONVERSION = YES;
				GCC_WARN_ABOUT_RETURN_TYPE = YES_ERROR;
				GCC_WARN_UNDECLARED_SELECTOR = YES;
				GCC_WARN_UNINITIALIZED_AUTOS = YES_AGGRESSIVE;
				GCC_WARN_UNUSED_FUNCTION = YES;
				GCC_WARN_UNUSED_VARIABLE = YES;
				IPHONEOS_DEPLOYMENT_TARGET = 15.4;
				MTL_ENABLE_DEBUG_INFO = INCLUDE_SOURCE;
				MTL_FAST_MATH = YES;
				ONLY_ACTIVE_ARCH = YES;
				SDKROOT = iphoneos;
				SWIFT_ACTIVE_COMPILATION_CONDITIONS = DEBUG;
				SWIFT_OPTIMIZATION_LEVEL = "-Onone";
			};
			name = Debug;
		};
		39DFA46B2824AEBF00084EC3 /* Release */ = {
			isa = XCBuildConfiguration;
			buildSettings = {
				ALWAYS_SEARCH_USER_PATHS = NO;
				CLANG_ANALYZER_NONNULL = YES;
				CLANG_ANALYZER_NUMBER_OBJECT_CONVERSION = YES_AGGRESSIVE;
				CLANG_CXX_LANGUAGE_STANDARD = "gnu++17";
				CLANG_ENABLE_MODULES = YES;
				CLANG_ENABLE_OBJC_ARC = YES;
				CLANG_ENABLE_OBJC_WEAK = YES;
				CLANG_WARN_BLOCK_CAPTURE_AUTORELEASING = YES;
				CLANG_WARN_BOOL_CONVERSION = YES;
				CLANG_WARN_COMMA = YES;
				CLANG_WARN_CONSTANT_CONVERSION = YES;
				CLANG_WARN_DEPRECATED_OBJC_IMPLEMENTATIONS = YES;
				CLANG_WARN_DIRECT_OBJC_ISA_USAGE = YES_ERROR;
				CLANG_WARN_DOCUMENTATION_COMMENTS = YES;
				CLANG_WARN_EMPTY_BODY = YES;
				CLANG_WARN_ENUM_CONVERSION = YES;
				CLANG_WARN_INFINITE_RECURSION = YES;
				CLANG_WARN_INT_CONVERSION = YES;
				CLANG_WARN_NON_LITERAL_NULL_CONVERSION = YES;
				CLANG_WARN_OBJC_IMPLICIT_RETAIN_SELF = YES;
				CLANG_WARN_OBJC_LITERAL_CONVERSION = YES;
				CLANG_WARN_OBJC_ROOT_CLASS = YES_ERROR;
				CLANG_WARN_QUOTED_INCLUDE_IN_FRAMEWORK_HEADER = YES;
				CLANG_WARN_RANGE_LOOP_ANALYSIS = YES;
				CLANG_WARN_STRICT_PROTOTYPES = YES;
				CLANG_WARN_SUSPICIOUS_MOVE = YES;
				CLANG_WARN_UNGUARDED_AVAILABILITY = YES_AGGRESSIVE;
				CLANG_WARN_UNREACHABLE_CODE = YES;
				CLANG_WARN__DUPLICATE_METHOD_MATCH = YES;
				COPY_PHASE_STRIP = NO;
				DEBUG_INFORMATION_FORMAT = "dwarf-with-dsym";
				ENABLE_NS_ASSERTIONS = NO;
				ENABLE_STRICT_OBJC_MSGSEND = YES;
				GCC_C_LANGUAGE_STANDARD = gnu11;
				GCC_NO_COMMON_BLOCKS = YES;
				GCC_WARN_64_TO_32_BIT_CONVERSION = YES;
				GCC_WARN_ABOUT_RETURN_TYPE = YES_ERROR;
				GCC_WARN_UNDECLARED_SELECTOR = YES;
				GCC_WARN_UNINITIALIZED_AUTOS = YES_AGGRESSIVE;
				GCC_WARN_UNUSED_FUNCTION = YES;
				GCC_WARN_UNUSED_VARIABLE = YES;
				IPHONEOS_DEPLOYMENT_TARGET = 15.4;
				MTL_ENABLE_DEBUG_INFO = NO;
				MTL_FAST_MATH = YES;
				SDKROOT = iphoneos;
				SWIFT_COMPILATION_MODE = wholemodule;
				SWIFT_OPTIMIZATION_LEVEL = "-O";
				VALIDATE_PRODUCT = YES;
			};
			name = Release;
		};
		39DFA46D2824AEBF00084EC3 /* Debug */ = {
			isa = XCBuildConfiguration;
			buildSettings = {
				ASSETCATALOG_COMPILER_APPICON_NAME = AppIcon;
				ASSETCATALOG_COMPILER_GLOBAL_ACCENT_COLOR_NAME = AccentColor;
				CODE_SIGN_STYLE = Automatic;
				CURRENT_PROJECT_VERSION = 1.0.0;
				DEVELOPMENT_TEAM = JZ2T8FS4D5;
				GENERATE_INFOPLIST_FILE = YES;
				INFOPLIST_FILE = lottieEx/Info.plist;
				INFOPLIST_KEY_UIApplicationSupportsIndirectInputEvents = YES;
				INFOPLIST_KEY_UILaunchStoryboardName = LaunchScreen;
				INFOPLIST_KEY_UIMainStoryboardFile = Main;
				INFOPLIST_KEY_UISupportedInterfaceOrientations_iPad = "UIInterfaceOrientationPortrait UIInterfaceOrientationPortraitUpsideDown UIInterfaceOrientationLandscapeLeft UIInterfaceOrientationLandscapeRight";
				INFOPLIST_KEY_UISupportedInterfaceOrientations_iPhone = "UIInterfaceOrientationPortrait UIInterfaceOrientationLandscapeLeft UIInterfaceOrientationLandscapeRight";
				LD_RUNPATH_SEARCH_PATHS = (
					"$(inherited)",
					"@executable_path/Frameworks",
				);
				MARKETING_VERSION = 1.0.0;
				PRODUCT_BUNDLE_IDENTIFIER = com.yjin..yjin.lottieEx;
				PRODUCT_NAME = "$(TARGET_NAME)";
				SWIFT_EMIT_LOC_STRINGS = YES;
				SWIFT_VERSION = 5.0;
				TARGETED_DEVICE_FAMILY = "1,2";
			};
			name = Debug;
		};
		39DFA46E2824AEBF00084EC3 /* Release */ = {
			isa = XCBuildConfiguration;
			buildSettings = {
				ASSETCATALOG_COMPILER_APPICON_NAME = AppIcon;
				ASSETCATALOG_COMPILER_GLOBAL_ACCENT_COLOR_NAME = AccentColor;
				CODE_SIGN_STYLE = Automatic;
				CURRENT_PROJECT_VERSION = 1.0.0;
				DEVELOPMENT_TEAM = JZ2T8FS4D5;
				GENERATE_INFOPLIST_FILE = YES;
				INFOPLIST_FILE = lottieEx/Info.plist;
				INFOPLIST_KEY_UIApplicationSupportsIndirectInputEvents = YES;
				INFOPLIST_KEY_UILaunchStoryboardName = LaunchScreen;
				INFOPLIST_KEY_UIMainStoryboardFile = Main;
				INFOPLIST_KEY_UISupportedInterfaceOrientations_iPad = "UIInterfaceOrientationPortrait UIInterfaceOrientationPortraitUpsideDown UIInterfaceOrientationLandscapeLeft UIInterfaceOrientationLandscapeRight";
				INFOPLIST_KEY_UISupportedInterfaceOrientations_iPhone = "UIInterfaceOrientationPortrait UIInterfaceOrientationLandscapeLeft UIInterfaceOrientationLandscapeRight";
				LD_RUNPATH_SEARCH_PATHS = (
					"$(inherited)",
					"@executable_path/Frameworks",
				);
				MARKETING_VERSION = 1.0.0;
				PRODUCT_BUNDLE_IDENTIFIER = com.yjin..yjin.lottieEx;
				PRODUCT_NAME = "$(TARGET_NAME)";
				SWIFT_EMIT_LOC_STRINGS = YES;
				SWIFT_VERSION = 5.0;
				TARGETED_DEVICE_FAMILY = "1,2";
			};
			name = Release;
		};
		39DFA4702824AEBF00084EC3 /* Debug */ = {
			isa = XCBuildConfiguration;
			buildSettings = {
				ALWAYS_EMBED_SWIFT_STANDARD_LIBRARIES = YES;
				BUNDLE_LOADER = "$(TEST_HOST)";
				CODE_SIGN_STYLE = Automatic;
				CURRENT_PROJECT_VERSION = 1;
				DEVELOPMENT_TEAM = JZ2T8FS4D5;
				GENERATE_INFOPLIST_FILE = YES;
				IPHONEOS_DEPLOYMENT_TARGET = 15.4;
				MARKETING_VERSION = 1.0;
				PRODUCT_BUNDLE_IDENTIFIER = com.yjin..yjin.lottieExTests;
				PRODUCT_NAME = "$(TARGET_NAME)";
				SWIFT_EMIT_LOC_STRINGS = NO;
				SWIFT_VERSION = 5.0;
				TARGETED_DEVICE_FAMILY = "1,2";
				TEST_HOST = "$(BUILT_PRODUCTS_DIR)/lottieEx.app/lottieEx";
			};
			name = Debug;
		};
		39DFA4712824AEBF00084EC3 /* Release */ = {
			isa = XCBuildConfiguration;
			buildSettings = {
				ALWAYS_EMBED_SWIFT_STANDARD_LIBRARIES = YES;
				BUNDLE_LOADER = "$(TEST_HOST)";
				CODE_SIGN_STYLE = Automatic;
				CURRENT_PROJECT_VERSION = 1;
				DEVELOPMENT_TEAM = JZ2T8FS4D5;
				GENERATE_INFOPLIST_FILE = YES;
				IPHONEOS_DEPLOYMENT_TARGET = 15.4;
				MARKETING_VERSION = 1.0;
				PRODUCT_BUNDLE_IDENTIFIER = com.yjin..yjin.lottieExTests;
				PRODUCT_NAME = "$(TARGET_NAME)";
				SWIFT_EMIT_LOC_STRINGS = NO;
				SWIFT_VERSION = 5.0;
				TARGETED_DEVICE_FAMILY = "1,2";
				TEST_HOST = "$(BUILT_PRODUCTS_DIR)/lottieEx.app/lottieEx";
			};
			name = Release;
		};
		39DFA4732824AEBF00084EC3 /* Debug */ = {
			isa = XCBuildConfiguration;
			buildSettings = {
				ALWAYS_EMBED_SWIFT_STANDARD_LIBRARIES = YES;
				CODE_SIGN_STYLE = Automatic;
				CURRENT_PROJECT_VERSION = 1;
				DEVELOPMENT_TEAM = JZ2T8FS4D5;
				GENERATE_INFOPLIST_FILE = YES;
				MARKETING_VERSION = 1.0;
				PRODUCT_BUNDLE_IDENTIFIER = com.yjin..yjin.lottieExUITests;
				PRODUCT_NAME = "$(TARGET_NAME)";
				SWIFT_EMIT_LOC_STRINGS = NO;
				SWIFT_VERSION = 5.0;
				TARGETED_DEVICE_FAMILY = "1,2";
				TEST_TARGET_NAME = lottieEx;
			};
			name = Debug;
		};
		39DFA4742824AEBF00084EC3 /* Release */ = {
			isa = XCBuildConfiguration;
			buildSettings = {
				ALWAYS_EMBED_SWIFT_STANDARD_LIBRARIES = YES;
				CODE_SIGN_STYLE = Automatic;
				CURRENT_PROJECT_VERSION = 1;
				DEVELOPMENT_TEAM = JZ2T8FS4D5;
				GENERATE_INFOPLIST_FILE = YES;
				MARKETING_VERSION = 1.0;
				PRODUCT_BUNDLE_IDENTIFIER = com.yjin..yjin.lottieExUITests;
				PRODUCT_NAME = "$(TARGET_NAME)";
				SWIFT_EMIT_LOC_STRINGS = NO;
				SWIFT_VERSION = 5.0;
				TARGETED_DEVICE_FAMILY = "1,2";
				TEST_TARGET_NAME = lottieEx;
			};
			name = Release;
		};
/* End XCBuildConfiguration section */

/* Begin XCConfigurationList section */
		39DFA43A2824AEBE00084EC3 /* Build configuration list for PBXProject "lottieEx" */ = {
			isa = XCConfigurationList;
			buildConfigurations = (
				39DFA46A2824AEBF00084EC3 /* Debug */,
				39DFA46B2824AEBF00084EC3 /* Release */,
			);
			defaultConfigurationIsVisible = 0;
			defaultConfigurationName = Release;
		};
		39DFA46C2824AEBF00084EC3 /* Build configuration list for PBXNativeTarget "lottieEx" */ = {
			isa = XCConfigurationList;
			buildConfigurations = (
				39DFA46D2824AEBF00084EC3 /* Debug */,
				39DFA46E2824AEBF00084EC3 /* Release */,
			);
			defaultConfigurationIsVisible = 0;
			defaultConfigurationName = Release;
		};
		39DFA46F2824AEBF00084EC3 /* Build configuration list for PBXNativeTarget "lottieExTests" */ = {
			isa = XCConfigurationList;
			buildConfigurations = (
				39DFA4702824AEBF00084EC3 /* Debug */,
				39DFA4712824AEBF00084EC3 /* Release */,
			);
			defaultConfigurationIsVisible = 0;
			defaultConfigurationName = Release;
		};
		39DFA4722824AEBF00084EC3 /* Build configuration list for PBXNativeTarget "lottieExUITests" */ = {
			isa = XCConfigurationList;
			buildConfigurations = (
				39DFA4732824AEBF00084EC3 /* Debug */,
				39DFA4742824AEBF00084EC3 /* Release */,
			);
			defaultConfigurationIsVisible = 0;
			defaultConfigurationName = Release;
		};
/* End XCConfigurationList section */

/* Begin XCRemoteSwiftPackageReference section */
		39DFA4752824AFEB00084EC3 /* XCRemoteSwiftPackageReference "lottie-ios" */ = {
			isa = XCRemoteSwiftPackageReference;
			repositoryURL = "https://github.com/airbnb/lottie-ios";
			requirement = {
				kind = upToNextMajorVersion;
				minimumVersion = 3.0.0;
			};
		};
/* End XCRemoteSwiftPackageReference section */

/* Begin XCSwiftPackageProductDependency section */
		39DFA4762824AFEB00084EC3 /* Lottie */ = {
			isa = XCSwiftPackageProductDependency;
			package = 39DFA4752824AFEB00084EC3 /* XCRemoteSwiftPackageReference "lottie-ios" */;
			productName = Lottie;
		};
/* End XCSwiftPackageProductDependency section */

/* Begin XCVersionGroup section */
		39DFA44B2824AEBE00084EC3 /* lottieEx.xcdatamodeld */ = {
			isa = XCVersionGroup;
			children = (
				39DFA44C2824AEBE00084EC3 /* lottieEx.xcdatamodel */,
			);
			currentVersion = 39DFA44C2824AEBE00084EC3 /* lottieEx.xcdatamodel */;
			path = lottieEx.xcdatamodeld;
			sourceTree = "<group>";
			versionGroupType = wrapper.xcdatamodel;
		};
/* End XCVersionGroup section */
	};
	rootObject = 39DFA4372824AEBE00084EC3 /* Project object */;
}
